{
  "name": "sendtrail",
  "version": "1.0.0",
  "lockfileVersion": 3,
  "requires": true,
  "packages": {
    "": {
      "name": "sendtrail",
      "version": "1.0.0",
      "license": "MIT",
      "workspaces": [
        "apps/*"
      ]
    },
    "apps/api": {
      "name": "@sendtrail/api",
      "version": "1.0.0",
      "license": "MIT"
    },
    "node_modules/@sendtrail/api": {
      "resolved": "apps/api",
      "link": true
    }
  }
}
